
Microsoft Visual Studio Solution File, Format Version 12.00
# Visual Studio Version 16
VisualStudioVersion = 16.0.31313.79
MinimumVisualStudioVersion = 10.0.40219.1
Project("{9A19103F-16F7-4668-BE54-9A1E7A4F7556}") = "CsvToSqlite", "CsvToSqlite\CsvToSqlite.csproj", "{BDE1E4E3-D249-42BE-947E-75EE0DD94FE8}"
EndProject
Project("{9A19103F-16F7-4668-BE54-9A1E7A4F7556}") = "CsvToDatabaseAbstraction", "CsvToDatabaseAbstraction\CsvToDatabaseAbstraction.csproj", "{168F8FA4-9107-4511-8C9C-CB6F78E4621E}"
EndProject
Project("{9A19103F-16F7-4668-BE54-9A1E7A4F7556}") = "UnitTests", "UnitTests\UnitTests.csproj", "{5F83AE9C-EE11-4B1B-B6E6-FB1E0F18B4CB}"
EndProject
Global
	GlobalSection(SolutionConfigurationPlatforms) = preSolution
		Debug|Any CPU = Debug|Any CPU
		Release|Any CPU = Release|Any CPU
	EndGlobalSection
	GlobalSection(ProjectConfigurationPlatforms) = postSolution
		{BDE1E4E3-D249-42BE-947E-75EE0DD94FE8}.Debug|Any CPU.ActiveCfg = Debug|Any CPU
		{BDE1E4E3-D249-42BE-947E-75EE0DD94FE8}.Debug|Any CPU.Build.0 = Debug|Any CPU
		{BDE1E4E3-D249-42BE-947E-75EE0DD94FE8}.Release|Any CPU.ActiveCfg = Release|Any CPU
		{BDE1E4E3-D249-42BE-947E-75EE0DD94FE8}.Release|Any CPU.Build.0 = Release|Any CPU
		{168F8FA4-9107-4511-8C9C-CB6F78E4621E}.Debug|Any CPU.ActiveCfg = Debug|Any CPU
		{168F8FA4-9107-4511-8C9C-CB6F78E4621E}.Debug|Any CPU.Build.0 = Debug|Any CPU
		{168F8FA4-9107-4511-8C9C-CB6F78E4621E}.Release|Any CPU.ActiveCfg = Release|Any CPU
		{168F8FA4-9107-4511-8C9C-CB6F78E4621E}.Release|Any CPU.Build.0 = Release|Any CPU
		{5F83AE9C-EE11-4B1B-B6E6-FB1E0F18B4CB}.Debug|Any CPU.ActiveCfg = Debug|Any CPU
		{5F83AE9C-EE11-4B1B-B6E6-FB1E0F18B4CB}.Debug|Any CPU.Build.0 = Debug|Any CPU
		{5F83AE9C-EE11-4B1B-B6E6-FB1E0F18B4CB}.Release|Any CPU.ActiveCfg = Release|Any CPU
		{5F83AE9C-EE11-4B1B-B6E6-FB1E0F18B4CB}.Release|Any CPU.Build.0 = Release|Any CPU
		{8C91C31B-1321-40EA-90FA-F5E77719C598}.Debug|Any CPU.ActiveCfg = Debug|Any CPU
		{8C91C31B-1321-40EA-90FA-F5E77719C598}.Debug|Any CPU.Build.0 = Debug|Any CPU
		{8C91C31B-1321-40EA-90FA-F5E77719C598}.Release|Any CPU.ActiveCfg = Release|Any CPU
		{8C91C31B-1321-40EA-90FA-F5E77719C598}.Release|Any CPU.Build.0 = Release|Any CPU
	EndGlobalSection
	GlobalSection(SolutionProperties) = preSolution
		HideSolutionNode = FALSE
	EndGlobalSection
	GlobalSection(ExtensibilityGlobals) = postSolution
		SolutionGuid = {D64483F8-238A-430C-9C86-3A364B9D7FFE}
	EndGlobalSection
EndGlobal
